PODS:
  - Alamofire (5.5.0)
  - KeychainAccess (4.2.2)

DEPENDENCIES:
  - Alamofire
  - KeychainAccess

SPEC REPOS:
  trunk:
    - Alamofire
    - KeychainAccess

SPEC CHECKSUMS:
  Alamofire: 1c4fb5369c3fe93d2857c780d8bbe09f06f97e7c
  KeychainAccess: c0c4f7f38f6fc7bbe58f5702e25f7bd2f65abf51

PODFILE CHECKSUM: e5ae8ddf201c741078d73a324d9fded6b6a6f53c

COCOAPODS: 1.11.2
