// !$*UTF8*$!
{
	archiveVersion = 1;
	classes = {
	};
	objectVersion = 55;
	objects = {

/* Begin PBXBuildFile section */
		55C7DF4455E865DEFD82CE09 /* Pods_TVmaze_TVmazeUITests.framework in Frameworks */ = {isa = PBXBuildFile; fileRef = 9E033F3FBACA6CD13EF3478F /* Pods_TVmaze_TVmazeUITests.framework */; };
		B49B6D09276FF2FF00E984D8 /* SeriesDetailViewController.swift in Sources */ = {isa = PBXBuildFile; fileRef = B49B6D08276FF2FF00E984D8 /* SeriesDetailViewController.swift */; };
		B49B6D0B276FF33300E984D8 /* SeriesDetailView.xib in Resources */ = {isa = PBXBuildFile; fileRef = B49B6D0A276FF33300E984D8 /* SeriesDetailView.xib */; };
		B49B6D0D276FF34800E984D8 /* SeriesDetailView.swift in Sources */ = {isa = PBXBuildFile; fileRef = B49B6D0C276FF34800E984D8 /* SeriesDetailView.swift */; };
		B49B6D1227700B2C00E984D8 /* SeriesDetailHighlightView.xib in Resources */ = {isa = PBXBuildFile; fileRef = B49B6D1127700B2C00E984D8 /* SeriesDetailHighlightView.xib */; };
		B49B6D1827700F4500E984D8 /* SeriesDetailHighlightView.swift in Sources */ = {isa = PBXBuildFile; fileRef = B49B6D1727700F4500E984D8 /* SeriesDetailHighlightView.swift */; };
		B49B6D1A2770174400E984D8 /* Color.swift in Sources */ = {isa = PBXBuildFile; fileRef = B49B6D192770174400E984D8 /* Color.swift */; };
		B49B6D1C2770263000E984D8 /* UILabel.swift in Sources */ = {isa = PBXBuildFile; fileRef = B49B6D1B2770263000E984D8 /* UILabel.swift */; };
		B49B6D1E277029C400E984D8 /* SeriesDetailEntity.swift in Sources */ = {isa = PBXBuildFile; fileRef = B49B6D1D277029C400E984D8 /* SeriesDetailEntity.swift */; };
		B49B6D2027703EAA00E984D8 /* SeriesDetailTableViewHeader.xib in Resources */ = {isa = PBXBuildFile; fileRef = B49B6D1F27703EAA00E984D8 /* SeriesDetailTableViewHeader.xib */; };
		B49B6D222770402F00E984D8 /* SeriesDetailTableViewHeader.swift in Sources */ = {isa = PBXBuildFile; fileRef = B49B6D212770402F00E984D8 /* SeriesDetailTableViewHeader.swift */; };
		B49B6D24277044C400E984D8 /* UITableViewHeaderFooterView.swift in Sources */ = {isa = PBXBuildFile; fileRef = B49B6D23277044C400E984D8 /* UITableViewHeaderFooterView.swift */; };
		B49B6D272770C7C200E984D8 /* SeriesDetailCollectionView.xib in Resources */ = {isa = PBXBuildFile; fileRef = B49B6D262770C7C200E984D8 /* SeriesDetailCollectionView.xib */; };
		B49B6D292770C7D900E984D8 /* SeriesDetailCollectionView.swift in Sources */ = {isa = PBXBuildFile; fileRef = B49B6D282770C7D900E984D8 /* SeriesDetailCollectionView.swift */; };
		B49B6D2B2770CD5400E984D8 /* SeriesDetailCollectionViewCell.xib in Resources */ = {isa = PBXBuildFile; fileRef = B49B6D2A2770CD5400E984D8 /* SeriesDetailCollectionViewCell.xib */; };
		B49B6D2F2770CDF500E984D8 /* SeriesDetailCollectionViewCell.swift in Sources */ = {isa = PBXBuildFile; fileRef = B49B6D2E2770CDF500E984D8 /* SeriesDetailCollectionViewCell.swift */; };
		B49B6D312770CE1F00E984D8 /* UICollectionViewCell.swift in Sources */ = {isa = PBXBuildFile; fileRef = B49B6D302770CE1F00E984D8 /* UICollectionViewCell.swift */; };
		B49B6D342770EB5500E984D8 /* SeriesCellView.xib in Resources */ = {isa = PBXBuildFile; fileRef = B49B6D332770EB5500E984D8 /* SeriesCellView.xib */; };
		B49B6D362770EB7300E984D8 /* SeriesCellView.swift in Sources */ = {isa = PBXBuildFile; fileRef = B49B6D352770EB7300E984D8 /* SeriesCellView.swift */; };
		B49B6D3A277105B600E984D8 /* SeriesDetailHighlightCellView.xib in Resources */ = {isa = PBXBuildFile; fileRef = B49B6D39277105B600E984D8 /* SeriesDetailHighlightCellView.xib */; };
		B49B6D3C277105BB00E984D8 /* SeriesDetailHighlightCellView.swift in Sources */ = {isa = PBXBuildFile; fileRef = B49B6D3B277105BB00E984D8 /* SeriesDetailHighlightCellView.swift */; };
		B49B6D3E277115BA00E984D8 /* SeriesDetailInteractor.swift in Sources */ = {isa = PBXBuildFile; fileRef = B49B6D3D277115BA00E984D8 /* SeriesDetailInteractor.swift */; };
		B49B6D4027712B4300E984D8 /* SeriesDetailConfigurator.swift in Sources */ = {isa = PBXBuildFile; fileRef = B49B6D3F27712B4300E984D8 /* SeriesDetailConfigurator.swift */; };
		B49B6D4227712C7E00E984D8 /* SeriesDetailRouter.swift in Sources */ = {isa = PBXBuildFile; fileRef = B49B6D4127712C7E00E984D8 /* SeriesDetailRouter.swift */; };
		B4B18FBE276EDAB600B1B323 /* ZeroResultsSearch.xib in Resources */ = {isa = PBXBuildFile; fileRef = B4B18FBD276EDAB600B1B323 /* ZeroResultsSearch.xib */; };
		B4B18FC0276EDACD00B1B323 /* ZeroResultsSearch.swift in Sources */ = {isa = PBXBuildFile; fileRef = B4B18FBF276EDACD00B1B323 /* ZeroResultsSearch.swift */; };
		B4CFDB6C276D17DE003110CD /* AppDelegate.swift in Sources */ = {isa = PBXBuildFile; fileRef = B4CFDB6B276D17DE003110CD /* AppDelegate.swift */; };
		B4CFDB6E276D17DE003110CD /* SceneDelegate.swift in Sources */ = {isa = PBXBuildFile; fileRef = B4CFDB6D276D17DE003110CD /* SceneDelegate.swift */; };
		B4CFDB75276D17DF003110CD /* Assets.xcassets in Resources */ = {isa = PBXBuildFile; fileRef = B4CFDB74276D17DF003110CD /* Assets.xcassets */; };
		B4CFDB83276D17DF003110CD /* TVmazeTests.swift in Sources */ = {isa = PBXBuildFile; fileRef = B4CFDB82276D17DF003110CD /* TVmazeTests.swift */; };
		B4CFDB8D276D17DF003110CD /* TVmazeUITests.swift in Sources */ = {isa = PBXBuildFile; fileRef = B4CFDB8C276D17DF003110CD /* TVmazeUITests.swift */; };
		B4CFDB8F276D17DF003110CD /* TVmazeUITestsLaunchTests.swift in Sources */ = {isa = PBXBuildFile; fileRef = B4CFDB8E276D17DF003110CD /* TVmazeUITestsLaunchTests.swift */; };
		B4CFDB9D276D18A9003110CD /* NibView.swift in Sources */ = {isa = PBXBuildFile; fileRef = B4CFDB9C276D18A9003110CD /* NibView.swift */; };
		B4CFDBA0276D1991003110CD /* HomeViewController.swift in Sources */ = {isa = PBXBuildFile; fileRef = B4CFDB9F276D1991003110CD /* HomeViewController.swift */; };
		B4CFDBA2276D1A62003110CD /* HomeView.xib in Resources */ = {isa = PBXBuildFile; fileRef = B4CFDBA1276D1A62003110CD /* HomeView.xib */; };
		B4CFDBA4276D1A85003110CD /* HomeView.swift in Sources */ = {isa = PBXBuildFile; fileRef = B4CFDBA3276D1A85003110CD /* HomeView.swift */; };
		B4CFDBA7276D2740003110CD /* Localizable.strings in Resources */ = {isa = PBXBuildFile; fileRef = B4CFDBA9276D2740003110CD /* Localizable.strings */; };
		B4CFDBAC276D2E4F003110CD /* SeriesHighlightView.xib in Resources */ = {isa = PBXBuildFile; fileRef = B4CFDBAB276D2E4F003110CD /* SeriesHighlightView.xib */; };
		B4CFDBAE276D2F2A003110CD /* SeriesHighlightView.swift in Sources */ = {isa = PBXBuildFile; fileRef = B4CFDBAD276D2F2A003110CD /* SeriesHighlightView.swift */; };
		B4CFDBB0276D3A42003110CD /* UIView.swift in Sources */ = {isa = PBXBuildFile; fileRef = B4CFDBAF276D3A42003110CD /* UIView.swift */; };
		B4CFDBB2276D3F3E003110CD /* HomeEntity.swift in Sources */ = {isa = PBXBuildFile; fileRef = B4CFDBB1276D3F3E003110CD /* HomeEntity.swift */; };
		B4CFDBB4276D444B003110CD /* String.swift in Sources */ = {isa = PBXBuildFile; fileRef = B4CFDBB3276D444B003110CD /* String.swift */; };
		B4CFDBB6276D4534003110CD /* HomeInteractor.swift in Sources */ = {isa = PBXBuildFile; fileRef = B4CFDBB5276D4534003110CD /* HomeInteractor.swift */; };
		B4CFDBB8276D4646003110CD /* UITableViewCell.swift in Sources */ = {isa = PBXBuildFile; fileRef = B4CFDBB7276D4646003110CD /* UITableViewCell.swift */; };
		B4CFDBBA276D47BE003110CD /* StackLabel.swift in Sources */ = {isa = PBXBuildFile; fileRef = B4CFDBB9276D47BE003110CD /* StackLabel.swift */; };
		B4CFDBBD276D4B62003110CD /* HomeCellView.swift in Sources */ = {isa = PBXBuildFile; fileRef = B4CFDBBC276D4B62003110CD /* HomeCellView.swift */; };
		B4CFDBBF276D4B7A003110CD /* HomeCellView.xib in Resources */ = {isa = PBXBuildFile; fileRef = B4CFDBBE276D4B7A003110CD /* HomeCellView.xib */; };
		B4CFDBC1276E1C71003110CD /* UIImageExtension.swift in Sources */ = {isa = PBXBuildFile; fileRef = B4CFDBC0276E1C71003110CD /* UIImageExtension.swift */; };
		B4CFDBC3276E2D89003110CD /* HomeConfigurator.swift in Sources */ = {isa = PBXBuildFile; fileRef = B4CFDBC2276E2D89003110CD /* HomeConfigurator.swift */; };
		B4CFDBC5276E2DD3003110CD /* HomeRouter.swift in Sources */ = {isa = PBXBuildFile; fileRef = B4CFDBC4276E2DD3003110CD /* HomeRouter.swift */; };
		CC00286914C8091917042273 /* Pods_TVmazeTests.framework in Frameworks */ = {isa = PBXBuildFile; fileRef = D29C84FEF025FEAA80897F8E /* Pods_TVmazeTests.framework */; };
		EA7A5AC56B37FAE36E82C864 /* Pods_TVmaze.framework in Frameworks */ = {isa = PBXBuildFile; fileRef = 045DD87984632B83B6704174 /* Pods_TVmaze.framework */; };
/* End PBXBuildFile section */

/* Begin PBXContainerItemProxy section */
		B4CFDB7F276D17DF003110CD /* PBXContainerItemProxy */ = {
			isa = PBXContainerItemProxy;
			containerPortal = B4CFDB60276D17DE003110CD /* Project object */;
			proxyType = 1;
			remoteGlobalIDString = B4CFDB67276D17DE003110CD;
			remoteInfo = TVmaze;
		};
		B4CFDB89276D17DF003110CD /* PBXContainerItemProxy */ = {
			isa = PBXContainerItemProxy;
			containerPortal = B4CFDB60276D17DE003110CD /* Project object */;
			proxyType = 1;
			remoteGlobalIDString = B4CFDB67276D17DE003110CD;
			remoteInfo = TVmaze;
		};
/* End PBXContainerItemProxy section */

/* Begin PBXFileReference section */
		045DD87984632B83B6704174 /* Pods_TVmaze.framework */ = {isa = PBXFileReference; explicitFileType = wrapper.framework; includeInIndex = 0; path = Pods_TVmaze.framework; sourceTree = BUILT_PRODUCTS_DIR; };
		26D96E7214EDC1F6149B25FA /* Pods-TVmaze-TVmazeUITests.release.xcconfig */ = {isa = PBXFileReference; includeInIndex = 1; lastKnownFileType = text.xcconfig; name = "Pods-TVmaze-TVmazeUITests.release.xcconfig"; path = "Target Support Files/Pods-TVmaze-TVmazeUITests/Pods-TVmaze-TVmazeUITests.release.xcconfig"; sourceTree = "<group>"; };
		2C8E157489F139BD156A8BDD /* Pods-TVmaze.release.xcconfig */ = {isa = PBXFileReference; includeInIndex = 1; lastKnownFileType = text.xcconfig; name = "Pods-TVmaze.release.xcconfig"; path = "Target Support Files/Pods-TVmaze/Pods-TVmaze.release.xcconfig"; sourceTree = "<group>"; };
		328175227872C25DEF0399AD /* Pods-TVmaze-TVmazeUITests.debug.xcconfig */ = {isa = PBXFileReference; includeInIndex = 1; lastKnownFileType = text.xcconfig; name = "Pods-TVmaze-TVmazeUITests.debug.xcconfig"; path = "Target Support Files/Pods-TVmaze-TVmazeUITests/Pods-TVmaze-TVmazeUITests.debug.xcconfig"; sourceTree = "<group>"; };
		6DBDEC2AB33BCE8F992C877D /* Pods-TVmazeTests.debug.xcconfig */ = {isa = PBXFileReference; includeInIndex = 1; lastKnownFileType = text.xcconfig; name = "Pods-TVmazeTests.debug.xcconfig"; path = "Target Support Files/Pods-TVmazeTests/Pods-TVmazeTests.debug.xcconfig"; sourceTree = "<group>"; };
		745CA3DEA795357D8C43323D /* Pods-TVmaze.debug.xcconfig */ = {isa = PBXFileReference; includeInIndex = 1; lastKnownFileType = text.xcconfig; name = "Pods-TVmaze.debug.xcconfig"; path = "Target Support Files/Pods-TVmaze/Pods-TVmaze.debug.xcconfig"; sourceTree = "<group>"; };
		9E033F3FBACA6CD13EF3478F /* Pods_TVmaze_TVmazeUITests.framework */ = {isa = PBXFileReference; explicitFileType = wrapper.framework; includeInIndex = 0; path = Pods_TVmaze_TVmazeUITests.framework; sourceTree = BUILT_PRODUCTS_DIR; };
		B49B6D08276FF2FF00E984D8 /* SeriesDetailViewController.swift */ = {isa = PBXFileReference; lastKnownFileType = sourcecode.swift; path = SeriesDetailViewController.swift; sourceTree = "<group>"; };
		B49B6D0A276FF33300E984D8 /* SeriesDetailView.xib */ = {isa = PBXFileReference; lastKnownFileType = file.xib; path = SeriesDetailView.xib; sourceTree = "<group>"; };
		B49B6D0C276FF34800E984D8 /* SeriesDetailView.swift */ = {isa = PBXFileReference; lastKnownFileType = sourcecode.swift; path = SeriesDetailView.swift; sourceTree = "<group>"; };
		B49B6D1127700B2C00E984D8 /* SeriesDetailHighlightView.xib */ = {isa = PBXFileReference; lastKnownFileType = file.xib; path = SeriesDetailHighlightView.xib; sourceTree = "<group>"; };
		B49B6D1727700F4500E984D8 /* SeriesDetailHighlightView.swift */ = {isa = PBXFileReference; lastKnownFileType = sourcecode.swift; path = SeriesDetailHighlightView.swift; sourceTree = "<group>"; };
		B49B6D192770174400E984D8 /* Color.swift */ = {isa = PBXFileReference; lastKnownFileType = sourcecode.swift; path = Color.swift; sourceTree = "<group>"; };
		B49B6D1B2770263000E984D8 /* UILabel.swift */ = {isa = PBXFileReference; lastKnownFileType = sourcecode.swift; path = UILabel.swift; sourceTree = "<group>"; };
		B49B6D1D277029C400E984D8 /* SeriesDetailEntity.swift */ = {isa = PBXFileReference; lastKnownFileType = sourcecode.swift; path = SeriesDetailEntity.swift; sourceTree = "<group>"; };
		B49B6D1F27703EAA00E984D8 /* SeriesDetailTableViewHeader.xib */ = {isa = PBXFileReference; lastKnownFileType = file.xib; path = SeriesDetailTableViewHeader.xib; sourceTree = "<group>"; };
		B49B6D212770402F00E984D8 /* SeriesDetailTableViewHeader.swift */ = {isa = PBXFileReference; lastKnownFileType = sourcecode.swift; path = SeriesDetailTableViewHeader.swift; sourceTree = "<group>"; };
		B49B6D23277044C400E984D8 /* UITableViewHeaderFooterView.swift */ = {isa = PBXFileReference; lastKnownFileType = sourcecode.swift; path = UITableViewHeaderFooterView.swift; sourceTree = "<group>"; };
		B49B6D262770C7C200E984D8 /* SeriesDetailCollectionView.xib */ = {isa = PBXFileReference; lastKnownFileType = file.xib; path = SeriesDetailCollectionView.xib; sourceTree = "<group>"; };
		B49B6D282770C7D900E984D8 /* SeriesDetailCollectionView.swift */ = {isa = PBXFileReference; lastKnownFileType = sourcecode.swift; path = SeriesDetailCollectionView.swift; sourceTree = "<group>"; };
		B49B6D2A2770CD5400E984D8 /* SeriesDetailCollectionViewCell.xib */ = {isa = PBXFileReference; lastKnownFileType = file.xib; path = SeriesDetailCollectionViewCell.xib; sourceTree = "<group>"; };
		B49B6D2E2770CDF500E984D8 /* SeriesDetailCollectionViewCell.swift */ = {isa = PBXFileReference; lastKnownFileType = sourcecode.swift; path = SeriesDetailCollectionViewCell.swift; sourceTree = "<group>"; };
		B49B6D302770CE1F00E984D8 /* UICollectionViewCell.swift */ = {isa = PBXFileReference; lastKnownFileType = sourcecode.swift; path = UICollectionViewCell.swift; sourceTree = "<group>"; };
		B49B6D332770EB5500E984D8 /* SeriesCellView.xib */ = {isa = PBXFileReference; lastKnownFileType = file.xib; path = SeriesCellView.xib; sourceTree = "<group>"; };
		B49B6D352770EB7300E984D8 /* SeriesCellView.swift */ = {isa = PBXFileReference; lastKnownFileType = sourcecode.swift; path = SeriesCellView.swift; sourceTree = "<group>"; };
		B49B6D39277105B600E984D8 /* SeriesDetailHighlightCellView.xib */ = {isa = PBXFileReference; lastKnownFileType = file.xib; path = SeriesDetailHighlightCellView.xib; sourceTree = "<group>"; };
		B49B6D3B277105BB00E984D8 /* SeriesDetailHighlightCellView.swift */ = {isa = PBXFileReference; lastKnownFileType = sourcecode.swift; path = SeriesDetailHighlightCellView.swift; sourceTree = "<group>"; };
		B49B6D3D277115BA00E984D8 /* SeriesDetailInteractor.swift */ = {isa = PBXFileReference; lastKnownFileType = sourcecode.swift; path = SeriesDetailInteractor.swift; sourceTree = "<group>"; };
		B49B6D3F27712B4300E984D8 /* SeriesDetailConfigurator.swift */ = {isa = PBXFileReference; lastKnownFileType = sourcecode.swift; path = SeriesDetailConfigurator.swift; sourceTree = "<group>"; };
		B49B6D4127712C7E00E984D8 /* SeriesDetailRouter.swift */ = {isa = PBXFileReference; lastKnownFileType = sourcecode.swift; path = SeriesDetailRouter.swift; sourceTree = "<group>"; };
		B4B18FBD276EDAB600B1B323 /* ZeroResultsSearch.xib */ = {isa = PBXFileReference; lastKnownFileType = file.xib; path = ZeroResultsSearch.xib; sourceTree = "<group>"; };
		B4B18FBF276EDACD00B1B323 /* ZeroResultsSearch.swift */ = {isa = PBXFileReference; lastKnownFileType = sourcecode.swift; path = ZeroResultsSearch.swift; sourceTree = "<group>"; };
		B4CFDB68276D17DE003110CD /* TVmaze.app */ = {isa = PBXFileReference; explicitFileType = wrapper.application; includeInIndex = 0; path = TVmaze.app; sourceTree = BUILT_PRODUCTS_DIR; };
		B4CFDB6B276D17DE003110CD /* AppDelegate.swift */ = {isa = PBXFileReference; lastKnownFileType = sourcecode.swift; path = AppDelegate.swift; sourceTree = "<group>"; };
		B4CFDB6D276D17DE003110CD /* SceneDelegate.swift */ = {isa = PBXFileReference; lastKnownFileType = sourcecode.swift; path = SceneDelegate.swift; sourceTree = "<group>"; };
		B4CFDB74276D17DF003110CD /* Assets.xcassets */ = {isa = PBXFileReference; lastKnownFileType = folder.assetcatalog; path = Assets.xcassets; sourceTree = "<group>"; };
		B4CFDB79276D17DF003110CD /* Info.plist */ = {isa = PBXFileReference; lastKnownFileType = text.plist.xml; path = Info.plist; sourceTree = "<group>"; };
		B4CFDB7E276D17DF003110CD /* TVmazeTests.xctest */ = {isa = PBXFileReference; explicitFileType = wrapper.cfbundle; includeInIndex = 0; path = TVmazeTests.xctest; sourceTree = BUILT_PRODUCTS_DIR; };
		B4CFDB82276D17DF003110CD /* TVmazeTests.swift */ = {isa = PBXFileReference; lastKnownFileType = sourcecode.swift; path = TVmazeTests.swift; sourceTree = "<group>"; };
		B4CFDB88276D17DF003110CD /* TVmazeUITests.xctest */ = {isa = PBXFileReference; explicitFileType = wrapper.cfbundle; includeInIndex = 0; path = TVmazeUITests.xctest; sourceTree = BUILT_PRODUCTS_DIR; };
		B4CFDB8C276D17DF003110CD /* TVmazeUITests.swift */ = {isa = PBXFileReference; lastKnownFileType = sourcecode.swift; path = TVmazeUITests.swift; sourceTree = "<group>"; };
		B4CFDB8E276D17DF003110CD /* TVmazeUITestsLaunchTests.swift */ = {isa = PBXFileReference; lastKnownFileType = sourcecode.swift; path = TVmazeUITestsLaunchTests.swift; sourceTree = "<group>"; };
		B4CFDB9C276D18A9003110CD /* NibView.swift */ = {isa = PBXFileReference; lastKnownFileType = sourcecode.swift; path = NibView.swift; sourceTree = "<group>"; };
		B4CFDB9F276D1991003110CD /* HomeViewController.swift */ = {isa = PBXFileReference; lastKnownFileType = sourcecode.swift; path = HomeViewController.swift; sourceTree = "<group>"; };
		B4CFDBA1276D1A62003110CD /* HomeView.xib */ = {isa = PBXFileReference; lastKnownFileType = file.xib; path = HomeView.xib; sourceTree = "<group>"; };
		B4CFDBA3276D1A85003110CD /* HomeView.swift */ = {isa = PBXFileReference; lastKnownFileType = sourcecode.swift; path = HomeView.swift; sourceTree = "<group>"; };
		B4CFDBA8276D2740003110CD /* en */ = {isa = PBXFileReference; lastKnownFileType = text.plist.strings; name = en; path = en.lproj/Localizable.strings; sourceTree = "<group>"; };
		B4CFDBAB276D2E4F003110CD /* SeriesHighlightView.xib */ = {isa = PBXFileReference; lastKnownFileType = file.xib; path = SeriesHighlightView.xib; sourceTree = "<group>"; };
		B4CFDBAD276D2F2A003110CD /* SeriesHighlightView.swift */ = {isa = PBXFileReference; lastKnownFileType = sourcecode.swift; path = SeriesHighlightView.swift; sourceTree = "<group>"; };
		B4CFDBAF276D3A42003110CD /* UIView.swift */ = {isa = PBXFileReference; lastKnownFileType = sourcecode.swift; path = UIView.swift; sourceTree = "<group>"; };
		B4CFDBB1276D3F3E003110CD /* HomeEntity.swift */ = {isa = PBXFileReference; lastKnownFileType = sourcecode.swift; path = HomeEntity.swift; sourceTree = "<group>"; };
		B4CFDBB3276D444B003110CD /* String.swift */ = {isa = PBXFileReference; lastKnownFileType = sourcecode.swift; path = String.swift; sourceTree = "<group>"; };
		B4CFDBB5276D4534003110CD /* HomeInteractor.swift */ = {isa = PBXFileReference; lastKnownFileType = sourcecode.swift; path = HomeInteractor.swift; sourceTree = "<group>"; };
		B4CFDBB7276D4646003110CD /* UITableViewCell.swift */ = {isa = PBXFileReference; lastKnownFileType = sourcecode.swift; path = UITableViewCell.swift; sourceTree = "<group>"; };
		B4CFDBB9276D47BE003110CD /* StackLabel.swift */ = {isa = PBXFileReference; lastKnownFileType = sourcecode.swift; path = StackLabel.swift; sourceTree = "<group>"; };
		B4CFDBBC276D4B62003110CD /* HomeCellView.swift */ = {isa = PBXFileReference; lastKnownFileType = sourcecode.swift; path = HomeCellView.swift; sourceTree = "<group>"; };
		B4CFDBBE276D4B7A003110CD /* HomeCellView.xib */ = {isa = PBXFileReference; lastKnownFileType = file.xib; path = HomeCellView.xib; sourceTree = "<group>"; };
		B4CFDBC0276E1C71003110CD /* UIImageExtension.swift */ = {isa = PBXFileReference; lastKnownFileType = sourcecode.swift; path = UIImageExtension.swift; sourceTree = "<group>"; };
		B4CFDBC2276E2D89003110CD /* HomeConfigurator.swift */ = {isa = PBXFileReference; lastKnownFileType = sourcecode.swift; path = HomeConfigurator.swift; sourceTree = "<group>"; };
		B4CFDBC4276E2DD3003110CD /* HomeRouter.swift */ = {isa = PBXFileReference; lastKnownFileType = sourcecode.swift; path = HomeRouter.swift; sourceTree = "<group>"; };
		BF0BB4F17C008D1FD30CD66E /* Pods-TVmazeTests.release.xcconfig */ = {isa = PBXFileReference; includeInIndex = 1; lastKnownFileType = text.xcconfig; name = "Pods-TVmazeTests.release.xcconfig"; path = "Target Support Files/Pods-TVmazeTests/Pods-TVmazeTests.release.xcconfig"; sourceTree = "<group>"; };
		D29C84FEF025FEAA80897F8E /* Pods_TVmazeTests.framework */ = {isa = PBXFileReference; explicitFileType = wrapper.framework; includeInIndex = 0; path = Pods_TVmazeTests.framework; sourceTree = BUILT_PRODUCTS_DIR; };
/* End PBXFileReference section */

/* Begin PBXFrameworksBuildPhase section */
		B4CFDB65276D17DE003110CD /* Frameworks */ = {
			isa = PBXFrameworksBuildPhase;
			buildActionMask = 2147483647;
			files = (
				EA7A5AC56B37FAE36E82C864 /* Pods_TVmaze.framework in Frameworks */,
			);
			runOnlyForDeploymentPostprocessing = 0;
		};
		B4CFDB7B276D17DF003110CD /* Frameworks */ = {
			isa = PBXFrameworksBuildPhase;
			buildActionMask = 2147483647;
			files = (
				CC00286914C8091917042273 /* Pods_TVmazeTests.framework in Frameworks */,
			);
			runOnlyForDeploymentPostprocessing = 0;
		};
		B4CFDB85276D17DF003110CD /* Frameworks */ = {
			isa = PBXFrameworksBuildPhase;
			buildActionMask = 2147483647;
			files = (
				55C7DF4455E865DEFD82CE09 /* Pods_TVmaze_TVmazeUITests.framework in Frameworks */,
			);
			runOnlyForDeploymentPostprocessing = 0;
		};
/* End PBXFrameworksBuildPhase section */

/* Begin PBXGroup section */
		6FB4FDCE8252E7299DD6EFD8 /* Pods */ = {
			isa = PBXGroup;
			children = (
				745CA3DEA795357D8C43323D /* Pods-TVmaze.debug.xcconfig */,
				2C8E157489F139BD156A8BDD /* Pods-TVmaze.release.xcconfig */,
				328175227872C25DEF0399AD /* Pods-TVmaze-TVmazeUITests.debug.xcconfig */,
				26D96E7214EDC1F6149B25FA /* Pods-TVmaze-TVmazeUITests.release.xcconfig */,
				6DBDEC2AB33BCE8F992C877D /* Pods-TVmazeTests.debug.xcconfig */,
				BF0BB4F17C008D1FD30CD66E /* Pods-TVmazeTests.release.xcconfig */,
			);
			path = Pods;
			sourceTree = "<group>";
		};
		8456B2B4ED9E923F68C1A899 /* Frameworks */ = {
			isa = PBXGroup;
			children = (
				045DD87984632B83B6704174 /* Pods_TVmaze.framework */,
				9E033F3FBACA6CD13EF3478F /* Pods_TVmaze_TVmazeUITests.framework */,
				D29C84FEF025FEAA80897F8E /* Pods_TVmazeTests.framework */,
			);
			name = Frameworks;
			sourceTree = "<group>";
		};
		B49B6D07276FF2E000E984D8 /* SeriesViewController */ = {
			isa = PBXGroup;
			children = (
				B49B6D382771055700E984D8 /* SeriesDetailHighlightCellView */,
				B49B6D372770FAEF00E984D8 /* SeriesTableViewHeader */,
				B49B6D322770EB2100E984D8 /* SeriesCellView */,
				B49B6D252770C7A000E984D8 /* SeriesViewCollectionView */,
				B49B6D1027700AB000E984D8 /* SeriesDetailHighlightView */,
				B49B6D08276FF2FF00E984D8 /* SeriesDetailViewController.swift */,
				B49B6D3D277115BA00E984D8 /* SeriesDetailInteractor.swift */,
				B49B6D1D277029C400E984D8 /* SeriesDetailEntity.swift */,
				B49B6D0A276FF33300E984D8 /* SeriesDetailView.xib */,
				B49B6D0C276FF34800E984D8 /* SeriesDetailView.swift */,
				B49B6D3F27712B4300E984D8 /* SeriesDetailConfigurator.swift */,
				B49B6D4127712C7E00E984D8 /* SeriesDetailRouter.swift */,
			);
			path = SeriesViewController;
			sourceTree = "<group>";
		};
		B49B6D1027700AB000E984D8 /* SeriesDetailHighlightView */ = {
			isa = PBXGroup;
			children = (
				B49B6D1127700B2C00E984D8 /* SeriesDetailHighlightView.xib */,
				B49B6D1727700F4500E984D8 /* SeriesDetailHighlightView.swift */,
			);
			path = SeriesDetailHighlightView;
			sourceTree = "<group>";
		};
		B49B6D252770C7A000E984D8 /* SeriesViewCollectionView */ = {
			isa = PBXGroup;
			children = (
				B49B6D262770C7C200E984D8 /* SeriesDetailCollectionView.xib */,
				B49B6D282770C7D900E984D8 /* SeriesDetailCollectionView.swift */,
				B49B6D2A2770CD5400E984D8 /* SeriesDetailCollectionViewCell.xib */,
				B49B6D2E2770CDF500E984D8 /* SeriesDetailCollectionViewCell.swift */,
			);
			path = SeriesViewCollectionView;
			sourceTree = "<group>";
		};
		B49B6D322770EB2100E984D8 /* SeriesCellView */ = {
			isa = PBXGroup;
			children = (
				B49B6D332770EB5500E984D8 /* SeriesCellView.xib */,
				B49B6D352770EB7300E984D8 /* SeriesCellView.swift */,
			);
			path = SeriesCellView;
			sourceTree = "<group>";
		};
		B49B6D372770FAEF00E984D8 /* SeriesTableViewHeader */ = {
			isa = PBXGroup;
			children = (
				B49B6D1F27703EAA00E984D8 /* SeriesDetailTableViewHeader.xib */,
				B49B6D212770402F00E984D8 /* SeriesDetailTableViewHeader.swift */,
			);
			path = SeriesTableViewHeader;
			sourceTree = "<group>";
		};
		B49B6D382771055700E984D8 /* SeriesDetailHighlightCellView */ = {
			isa = PBXGroup;
			children = (
				B49B6D39277105B600E984D8 /* SeriesDetailHighlightCellView.xib */,
				B49B6D3B277105BB00E984D8 /* SeriesDetailHighlightCellView.swift */,
			);
			path = SeriesDetailHighlightCellView;
			sourceTree = "<group>";
		};
		B4B18FBB276EDA6400B1B323 /* SeriesHighlightView */ = {
			isa = PBXGroup;
			children = (
				B4CFDBAB276D2E4F003110CD /* SeriesHighlightView.xib */,
				B4CFDBAD276D2F2A003110CD /* SeriesHighlightView.swift */,
			);
			path = SeriesHighlightView;
			sourceTree = "<group>";
		};
		B4B18FBC276EDA9F00B1B323 /* ZeroResultsSearch */ = {
			isa = PBXGroup;
			children = (
				B4B18FBD276EDAB600B1B323 /* ZeroResultsSearch.xib */,
				B4B18FBF276EDACD00B1B323 /* ZeroResultsSearch.swift */,
			);
			path = ZeroResultsSearch;
			sourceTree = "<group>";
		};
		B4CFDB5F276D17DE003110CD = {
			isa = PBXGroup;
			children = (
				B4CFDB9B276D1894003110CD /* Extensions */,
				B4CFDB6A276D17DE003110CD /* TVmaze */,
				B4CFDB81276D17DF003110CD /* TVmazeTests */,
				B4CFDB8B276D17DF003110CD /* TVmazeUITests */,
				B4CFDB69276D17DE003110CD /* Products */,
				6FB4FDCE8252E7299DD6EFD8 /* Pods */,
				8456B2B4ED9E923F68C1A899 /* Frameworks */,
			);
			sourceTree = "<group>";
		};
		B4CFDB69276D17DE003110CD /* Products */ = {
			isa = PBXGroup;
			children = (
				B4CFDB68276D17DE003110CD /* TVmaze.app */,
				B4CFDB7E276D17DF003110CD /* TVmazeTests.xctest */,
				B4CFDB88276D17DF003110CD /* TVmazeUITests.xctest */,
			);
			name = Products;
			sourceTree = "<group>";
		};
		B4CFDB6A276D17DE003110CD /* TVmaze */ = {
			isa = PBXGroup;
			children = (
				B4CFDBAA276D2DA2003110CD /* Utils */,
				B4CFDBA9276D2740003110CD /* Localizable.strings */,
				B49B6D07276FF2E000E984D8 /* SeriesViewController */,
				B4CFDB9E276D197C003110CD /* HomeViewController */,
				B4CFDB6B276D17DE003110CD /* AppDelegate.swift */,
				B4CFDB6D276D17DE003110CD /* SceneDelegate.swift */,
				B4CFDB74276D17DF003110CD /* Assets.xcassets */,
				B4CFDB79276D17DF003110CD /* Info.plist */,
			);
			path = TVmaze;
			sourceTree = "<group>";
		};
		B4CFDB81276D17DF003110CD /* TVmazeTests */ = {
			isa = PBXGroup;
			children = (
				B4CFDB82276D17DF003110CD /* TVmazeTests.swift */,
			);
			path = TVmazeTests;
			sourceTree = "<group>";
		};
		B4CFDB8B276D17DF003110CD /* TVmazeUITests */ = {
			isa = PBXGroup;
			children = (
				B4CFDB8C276D17DF003110CD /* TVmazeUITests.swift */,
				B4CFDB8E276D17DF003110CD /* TVmazeUITestsLaunchTests.swift */,
			);
			path = TVmazeUITests;
			sourceTree = "<group>";
		};
		B4CFDB9B276D1894003110CD /* Extensions */ = {
			isa = PBXGroup;
			children = (
				B4CFDB9C276D18A9003110CD /* NibView.swift */,
				B49B6D192770174400E984D8 /* Color.swift */,
				B4CFDBAF276D3A42003110CD /* UIView.swift */,
				B49B6D1B2770263000E984D8 /* UILabel.swift */,
				B4CFDBC0276E1C71003110CD /* UIImageExtension.swift */,
				B49B6D302770CE1F00E984D8 /* UICollectionViewCell.swift */,
				B49B6D23277044C400E984D8 /* UITableViewHeaderFooterView.swift */,
				B4CFDBB3276D444B003110CD /* String.swift */,
				B4CFDBB7276D4646003110CD /* UITableViewCell.swift */,
			);
			path = Extensions;
			sourceTree = "<group>";
		};
		B4CFDB9E276D197C003110CD /* HomeViewController */ = {
			isa = PBXGroup;
			children = (
				B4CFDBBB276D4B3B003110CD /* HomeCellView */,
				B4CFDB9F276D1991003110CD /* HomeViewController.swift */,
				B4CFDBB5276D4534003110CD /* HomeInteractor.swift */,
				B4CFDBA1276D1A62003110CD /* HomeView.xib */,
				B4CFDBA3276D1A85003110CD /* HomeView.swift */,
				B4CFDBB1276D3F3E003110CD /* HomeEntity.swift */,
				B4CFDBC2276E2D89003110CD /* HomeConfigurator.swift */,
				B4CFDBC4276E2DD3003110CD /* HomeRouter.swift */,
			);
			path = HomeViewController;
			sourceTree = "<group>";
		};
		B4CFDBAA276D2DA2003110CD /* Utils */ = {
			isa = PBXGroup;
			children = (
				B4B18FBC276EDA9F00B1B323 /* ZeroResultsSearch */,
				B4B18FBB276EDA6400B1B323 /* SeriesHighlightView */,
				B4CFDBB9276D47BE003110CD /* StackLabel.swift */,
			);
			path = Utils;
			sourceTree = "<group>";
		};
		B4CFDBBB276D4B3B003110CD /* HomeCellView */ = {
			isa = PBXGroup;
			children = (
				B4CFDBBC276D4B62003110CD /* HomeCellView.swift */,
				B4CFDBBE276D4B7A003110CD /* HomeCellView.xib */,
			);
			path = HomeCellView;
			sourceTree = "<group>";
		};
/* End PBXGroup section */

/* Begin PBXNativeTarget section */
		B4CFDB67276D17DE003110CD /* TVmaze */ = {
			isa = PBXNativeTarget;
			buildConfigurationList = B4CFDB92276D17DF003110CD /* Build configuration list for PBXNativeTarget "TVmaze" */;
			buildPhases = (
				B5BBC09F95FDAE2F549355C5 /* [CP] Check Pods Manifest.lock */,
				B4CFDB64276D17DE003110CD /* Sources */,
				B4CFDB65276D17DE003110CD /* Frameworks */,
				B4CFDB66276D17DE003110CD /* Resources */,
				17B78B5AB47D427CAFB5DA58 /* [CP] Embed Pods Frameworks */,
			);
			buildRules = (
			);
			dependencies = (
			);
			name = TVmaze;
			productName = TVmaze;
			productReference = B4CFDB68276D17DE003110CD /* TVmaze.app */;
			productType = "com.apple.product-type.application";
		};
		B4CFDB7D276D17DF003110CD /* TVmazeTests */ = {
			isa = PBXNativeTarget;
			buildConfigurationList = B4CFDB95276D17DF003110CD /* Build configuration list for PBXNativeTarget "TVmazeTests" */;
			buildPhases = (
				923B3A5061C61DC99F251493 /* [CP] Check Pods Manifest.lock */,
				B4CFDB7A276D17DF003110CD /* Sources */,
				B4CFDB7B276D17DF003110CD /* Frameworks */,
				B4CFDB7C276D17DF003110CD /* Resources */,
			);
			buildRules = (
			);
			dependencies = (
				B4CFDB80276D17DF003110CD /* PBXTargetDependency */,
			);
			name = TVmazeTests;
			productName = TVmazeTests;
			productReference = B4CFDB7E276D17DF003110CD /* TVmazeTests.xctest */;
			productType = "com.apple.product-type.bundle.unit-test";
		};
		B4CFDB87276D17DF003110CD /* TVmazeUITests */ = {
			isa = PBXNativeTarget;
			buildConfigurationList = B4CFDB98276D17DF003110CD /* Build configuration list for PBXNativeTarget "TVmazeUITests" */;
			buildPhases = (
				7097C3053C2C40E0AD9752AD /* [CP] Check Pods Manifest.lock */,
				B4CFDB84276D17DF003110CD /* Sources */,
				B4CFDB85276D17DF003110CD /* Frameworks */,
				B4CFDB86276D17DF003110CD /* Resources */,
				3AC14226A3B4B42CFE6D2E6B /* [CP] Embed Pods Frameworks */,
			);
			buildRules = (
			);
			dependencies = (
				B4CFDB8A276D17DF003110CD /* PBXTargetDependency */,
			);
			name = TVmazeUITests;
			productName = TVmazeUITests;
			productReference = B4CFDB88276D17DF003110CD /* TVmazeUITests.xctest */;
			productType = "com.apple.product-type.bundle.ui-testing";
		};
/* End PBXNativeTarget section */

/* Begin PBXProject section */
		B4CFDB60276D17DE003110CD /* Project object */ = {
			isa = PBXProject;
			attributes = {
				BuildIndependentTargetsInParallel = 1;
				LastSwiftUpdateCheck = 1320;
				LastUpgradeCheck = 1320;
				TargetAttributes = {
					B4CFDB67276D17DE003110CD = {
						CreatedOnToolsVersion = 13.2;
					};
					B4CFDB7D276D17DF003110CD = {
						CreatedOnToolsVersion = 13.2;
						TestTargetID = B4CFDB67276D17DE003110CD;
					};
					B4CFDB87276D17DF003110CD = {
						CreatedOnToolsVersion = 13.2;
						TestTargetID = B4CFDB67276D17DE003110CD;
					};
				};
			};
			buildConfigurationList = B4CFDB63276D17DE003110CD /* Build configuration list for PBXProject "TVmaze" */;
			compatibilityVersion = "Xcode 13.0";
			developmentRegion = en;
			hasScannedForEncodings = 0;
			knownRegions = (
				en,
				Base,
			);
			mainGroup = B4CFDB5F276D17DE003110CD;
			productRefGroup = B4CFDB69276D17DE003110CD /* Products */;
			projectDirPath = "";
			projectRoot = "";
			targets = (
				B4CFDB67276D17DE003110CD /* TVmaze */,
				B4CFDB7D276D17DF003110CD /* TVmazeTests */,
				B4CFDB87276D17DF003110CD /* TVmazeUITests */,
			);
		};
/* End PBXProject section */

/* Begin PBXResourcesBuildPhase section */
		B4CFDB66276D17DE003110CD /* Resources */ = {
			isa = PBXResourcesBuildPhase;
			buildActionMask = 2147483647;
			files = (
				B4CFDB75276D17DF003110CD /* Assets.xcassets in Resources */,
				B4CFDBA7276D2740003110CD /* Localizable.strings in Resources */,
				B4CFDBBF276D4B7A003110CD /* HomeCellView.xib in Resources */,
				B49B6D3A277105B600E984D8 /* SeriesDetailHighlightCellView.xib in Resources */,
				B49B6D0B276FF33300E984D8 /* SeriesDetailView.xib in Resources */,
				B4CFDBA2276D1A62003110CD /* HomeView.xib in Resources */,
				B49B6D342770EB5500E984D8 /* SeriesCellView.xib in Resources */,
				B49B6D2027703EAA00E984D8 /* SeriesDetailTableViewHeader.xib in Resources */,
				B4B18FBE276EDAB600B1B323 /* ZeroResultsSearch.xib in Resources */,
				B4CFDBAC276D2E4F003110CD /* SeriesHighlightView.xib in Resources */,
				B49B6D272770C7C200E984D8 /* SeriesDetailCollectionView.xib in Resources */,
				B49B6D1227700B2C00E984D8 /* SeriesDetailHighlightView.xib in Resources */,
				B49B6D2B2770CD5400E984D8 /* SeriesDetailCollectionViewCell.xib in Resources */,
			);
			runOnlyForDeploymentPostprocessing = 0;
		};
		B4CFDB7C276D17DF003110CD /* Resources */ = {
			isa = PBXResourcesBuildPhase;
			buildActionMask = 2147483647;
			files = (
			);
			runOnlyForDeploymentPostprocessing = 0;
		};
		B4CFDB86276D17DF003110CD /* Resources */ = {
			isa = PBXResourcesBuildPhase;
			buildActionMask = 2147483647;
			files = (
			);
			runOnlyForDeploymentPostprocessing = 0;
		};
/* End PBXResourcesBuildPhase section */

/* Begin PBXShellScriptBuildPhase section */
		17B78B5AB47D427CAFB5DA58 /* [CP] Embed Pods Frameworks */ = {
			isa = PBXShellScriptBuildPhase;
			buildActionMask = 2147483647;
			files = (
			);
			inputFileListPaths = (
				"${PODS_ROOT}/Target Support Files/Pods-TVmaze/Pods-TVmaze-frameworks-${CONFIGURATION}-input-files.xcfilelist",
			);
			name = "[CP] Embed Pods Frameworks";
			outputFileListPaths = (
				"${PODS_ROOT}/Target Support Files/Pods-TVmaze/Pods-TVmaze-frameworks-${CONFIGURATION}-output-files.xcfilelist",
			);
			runOnlyForDeploymentPostprocessing = 0;
			shellPath = /bin/sh;
			shellScript = "\"${PODS_ROOT}/Target Support Files/Pods-TVmaze/Pods-TVmaze-frameworks.sh\"\n";
			showEnvVarsInLog = 0;
		};
		3AC14226A3B4B42CFE6D2E6B /* [CP] Embed Pods Frameworks */ = {
			isa = PBXShellScriptBuildPhase;
			buildActionMask = 2147483647;
			files = (
			);
			inputFileListPaths = (
				"${PODS_ROOT}/Target Support Files/Pods-TVmaze-TVmazeUITests/Pods-TVmaze-TVmazeUITests-frameworks-${CONFIGURATION}-input-files.xcfilelist",
			);
			name = "[CP] Embed Pods Frameworks";
			outputFileListPaths = (
				"${PODS_ROOT}/Target Support Files/Pods-TVmaze-TVmazeUITests/Pods-TVmaze-TVmazeUITests-frameworks-${CONFIGURATION}-output-files.xcfilelist",
			);
			runOnlyForDeploymentPostprocessing = 0;
			shellPath = /bin/sh;
			shellScript = "\"${PODS_ROOT}/Target Support Files/Pods-TVmaze-TVmazeUITests/Pods-TVmaze-TVmazeUITests-frameworks.sh\"\n";
			showEnvVarsInLog = 0;
		};
		7097C3053C2C40E0AD9752AD /* [CP] Check Pods Manifest.lock */ = {
			isa = PBXShellScriptBuildPhase;
			buildActionMask = 2147483647;
			files = (
			);
			inputFileListPaths = (
			);
			inputPaths = (
				"${PODS_PODFILE_DIR_PATH}/Podfile.lock",
				"${PODS_ROOT}/Manifest.lock",
			);
			name = "[CP] Check Pods Manifest.lock";
			outputFileListPaths = (
			);
			outputPaths = (
				"$(DERIVED_FILE_DIR)/Pods-TVmaze-TVmazeUITests-checkManifestLockResult.txt",
			);
			runOnlyForDeploymentPostprocessing = 0;
			shellPath = /bin/sh;
			shellScript = "diff \"${PODS_PODFILE_DIR_PATH}/Podfile.lock\" \"${PODS_ROOT}/Manifest.lock\" > /dev/null\nif [ $? != 0 ] ; then\n    # print error to STDERR\n    echo \"error: The sandbox is not in sync with the Podfile.lock. Run 'pod install' or update your CocoaPods installation.\" >&2\n    exit 1\nfi\n# This output is used by Xcode 'outputs' to avoid re-running this script phase.\necho \"SUCCESS\" > \"${SCRIPT_OUTPUT_FILE_0}\"\n";
			showEnvVarsInLog = 0;
		};
		923B3A5061C61DC99F251493 /* [CP] Check Pods Manifest.lock */ = {
			isa = PBXShellScriptBuildPhase;
			buildActionMask = 2147483647;
			files = (
			);
			inputFileListPaths = (
			);
			inputPaths = (
				"${PODS_PODFILE_DIR_PATH}/Podfile.lock",
				"${PODS_ROOT}/Manifest.lock",
			);
			name = "[CP] Check Pods Manifest.lock";
			outputFileListPaths = (
			);
			outputPaths = (
				"$(DERIVED_FILE_DIR)/Pods-TVmazeTests-checkManifestLockResult.txt",
			);
			runOnlyForDeploymentPostprocessing = 0;
			shellPath = /bin/sh;
			shellScript = "diff \"${PODS_PODFILE_DIR_PATH}/Podfile.lock\" \"${PODS_ROOT}/Manifest.lock\" > /dev/null\nif [ $? != 0 ] ; then\n    # print error to STDERR\n    echo \"error: The sandbox is not in sync with the Podfile.lock. Run 'pod install' or update your CocoaPods installation.\" >&2\n    exit 1\nfi\n# This output is used by Xcode 'outputs' to avoid re-running this script phase.\necho \"SUCCESS\" > \"${SCRIPT_OUTPUT_FILE_0}\"\n";
			showEnvVarsInLog = 0;
		};
		B5BBC09F95FDAE2F549355C5 /* [CP] Check Pods Manifest.lock */ = {
			isa = PBXShellScriptBuildPhase;
			buildActionMask = 2147483647;
			files = (
			);
			inputFileListPaths = (
			);
			inputPaths = (
				"${PODS_PODFILE_DIR_PATH}/Podfile.lock",
				"${PODS_ROOT}/Manifest.lock",
			);
			name = "[CP] Check Pods Manifest.lock";
			outputFileListPaths = (
			);
			outputPaths = (
				"$(DERIVED_FILE_DIR)/Pods-TVmaze-checkManifestLockResult.txt",
			);
			runOnlyForDeploymentPostprocessing = 0;
			shellPath = /bin/sh;
			shellScript = "diff \"${PODS_PODFILE_DIR_PATH}/Podfile.lock\" \"${PODS_ROOT}/Manifest.lock\" > /dev/null\nif [ $? != 0 ] ; then\n    # print error to STDERR\n    echo \"error: The sandbox is not in sync with the Podfile.lock. Run 'pod install' or update your CocoaPods installation.\" >&2\n    exit 1\nfi\n# This output is used by Xcode 'outputs' to avoid re-running this script phase.\necho \"SUCCESS\" > \"${SCRIPT_OUTPUT_FILE_0}\"\n";
			showEnvVarsInLog = 0;
		};
/* End PBXShellScriptBuildPhase section */

/* Begin PBXSourcesBuildPhase section */
		B4CFDB64276D17DE003110CD /* Sources */ = {
			isa = PBXSourcesBuildPhase;
			buildActionMask = 2147483647;
			files = (
				B49B6D4227712C7E00E984D8 /* SeriesDetailRouter.swift in Sources */,
				B4CFDBA4276D1A85003110CD /* HomeView.swift in Sources */,
				B4CFDBA0276D1991003110CD /* HomeViewController.swift in Sources */,
				B49B6D222770402F00E984D8 /* SeriesDetailTableViewHeader.swift in Sources */,
				B49B6D1A2770174400E984D8 /* Color.swift in Sources */,
				B4CFDB9D276D18A9003110CD /* NibView.swift in Sources */,
				B4CFDBB6276D4534003110CD /* HomeInteractor.swift in Sources */,
				B49B6D292770C7D900E984D8 /* SeriesDetailCollectionView.swift in Sources */,
				B4CFDBB4276D444B003110CD /* String.swift in Sources */,
				B4CFDBC5276E2DD3003110CD /* HomeRouter.swift in Sources */,
				B4CFDBB8276D4646003110CD /* UITableViewCell.swift in Sources */,
				B49B6D4027712B4300E984D8 /* SeriesDetailConfigurator.swift in Sources */,
				B4CFDBB0276D3A42003110CD /* UIView.swift in Sources */,
				B4CFDBBA276D47BE003110CD /* StackLabel.swift in Sources */,
				B49B6D09276FF2FF00E984D8 /* SeriesDetailViewController.swift in Sources */,
				B4B18FC0276EDACD00B1B323 /* ZeroResultsSearch.swift in Sources */,
				B49B6D1827700F4500E984D8 /* SeriesDetailHighlightView.swift in Sources */,
				B49B6D3C277105BB00E984D8 /* SeriesDetailHighlightCellView.swift in Sources */,
				B4CFDBBD276D4B62003110CD /* HomeCellView.swift in Sources */,
				B49B6D1C2770263000E984D8 /* UILabel.swift in Sources */,
				B49B6D3E277115BA00E984D8 /* SeriesDetailInteractor.swift in Sources */,
				B4CFDBC3276E2D89003110CD /* HomeConfigurator.swift in Sources */,
				B49B6D2F2770CDF500E984D8 /* SeriesDetailCollectionViewCell.swift in Sources */,
				B4CFDBC1276E1C71003110CD /* UIImageExtension.swift in Sources */,
				B4CFDB6C276D17DE003110CD /* AppDelegate.swift in Sources */,
				B4CFDBB2276D3F3E003110CD /* HomeEntity.swift in Sources */,
				B49B6D312770CE1F00E984D8 /* UICollectionViewCell.swift in Sources */,
				B49B6D0D276FF34800E984D8 /* SeriesDetailView.swift in Sources */,
				B49B6D24277044C400E984D8 /* UITableViewHeaderFooterView.swift in Sources */,
				B49B6D1E277029C400E984D8 /* SeriesDetailEntity.swift in Sources */,
				B4CFDBAE276D2F2A003110CD /* SeriesHighlightView.swift in Sources */,
				B4CFDB6E276D17DE003110CD /* SceneDelegate.swift in Sources */,
				B49B6D362770EB7300E984D8 /* SeriesCellView.swift in Sources */,
			);
			runOnlyForDeploymentPostprocessing = 0;
		};
		B4CFDB7A276D17DF003110CD /* Sources */ = {
			isa = PBXSourcesBuildPhase;
			buildActionMask = 2147483647;
			files = (
				B4CFDB83276D17DF003110CD /* TVmazeTests.swift in Sources */,
			);
			runOnlyForDeploymentPostprocessing = 0;
		};
		B4CFDB84276D17DF003110CD /* Sources */ = {
			isa = PBXSourcesBuildPhase;
			buildActionMask = 2147483647;
			files = (
				B4CFDB8D276D17DF003110CD /* TVmazeUITests.swift in Sources */,
				B4CFDB8F276D17DF003110CD /* TVmazeUITestsLaunchTests.swift in Sources */,
			);
			runOnlyForDeploymentPostprocessing = 0;
		};
/* End PBXSourcesBuildPhase section */

/* Begin PBXTargetDependency section */
		B4CFDB80276D17DF003110CD /* PBXTargetDependency */ = {
			isa = PBXTargetDependency;
			target = B4CFDB67276D17DE003110CD /* TVmaze */;
			targetProxy = B4CFDB7F276D17DF003110CD /* PBXContainerItemProxy */;
		};
		B4CFDB8A276D17DF003110CD /* PBXTargetDependency */ = {
			isa = PBXTargetDependency;
			target = B4CFDB67276D17DE003110CD /* TVmaze */;
			targetProxy = B4CFDB89276D17DF003110CD /* PBXContainerItemProxy */;
		};
/* End PBXTargetDependency section */

/* Begin PBXVariantGroup section */
		B4CFDBA9276D2740003110CD /* Localizable.strings */ = {
			isa = PBXVariantGroup;
			children = (
				B4CFDBA8276D2740003110CD /* en */,
			);
			name = Localizable.strings;
			sourceTree = "<group>";
		};
/* End PBXVariantGroup section */

/* Begin XCBuildConfiguration section */
		B4CFDB90276D17DF003110CD /* Debug */ = {
			isa = XCBuildConfiguration;
			buildSettings = {
				ALWAYS_SEARCH_USER_PATHS = NO;
				CLANG_ANALYZER_NONNULL = YES;
				CLANG_ANALYZER_NUMBER_OBJECT_CONVERSION = YES_AGGRESSIVE;
				CLANG_CXX_LANGUAGE_STANDARD = "gnu++17";
				CLANG_CXX_LIBRARY = "libc++";
				CLANG_ENABLE_MODULES = YES;
				CLANG_ENABLE_OBJC_ARC = YES;
				CLANG_ENABLE_OBJC_WEAK = YES;
				CLANG_WARN_BLOCK_CAPTURE_AUTORELEASING = YES;
				CLANG_WARN_BOOL_CONVERSION = YES;
				CLANG_WARN_COMMA = YES;
				CLANG_WARN_CONSTANT_CONVERSION = YES;
				CLANG_WARN_DEPRECATED_OBJC_IMPLEMENTATIONS = YES;
				CLANG_WARN_DIRECT_OBJC_ISA_USAGE = YES_ERROR;
				CLANG_WARN_DOCUMENTATION_COMMENTS = YES;
				CLANG_WARN_EMPTY_BODY = YES;
				CLANG_WARN_ENUM_CONVERSION = YES;
				CLANG_WARN_INFINITE_RECURSION = YES;
				CLANG_WARN_INT_CONVERSION = YES;
				CLANG_WARN_NON_LITERAL_NULL_CONVERSION = YES;
				CLANG_WARN_OBJC_IMPLICIT_RETAIN_SELF = YES;
				CLANG_WARN_OBJC_LITERAL_CONVERSION = YES;
				CLANG_WARN_OBJC_ROOT_CLASS = YES_ERROR;
				CLANG_WARN_QUOTED_INCLUDE_IN_FRAMEWORK_HEADER = YES;
				CLANG_WARN_RANGE_LOOP_ANALYSIS = YES;
				CLANG_WARN_STRICT_PROTOTYPES = YES;
				CLANG_WARN_SUSPICIOUS_MOVE = YES;
				CLANG_WARN_UNGUARDED_AVAILABILITY = YES_AGGRESSIVE;
				CLANG_WARN_UNREACHABLE_CODE = YES;
				CLANG_WARN__DUPLICATE_METHOD_MATCH = YES;
				COPY_PHASE_STRIP = NO;
				DEBUG_INFORMATION_FORMAT = dwarf;
				ENABLE_STRICT_OBJC_MSGSEND = YES;
				ENABLE_TESTABILITY = YES;
				GCC_C_LANGUAGE_STANDARD = gnu11;
				GCC_DYNAMIC_NO_PIC = NO;
				GCC_NO_COMMON_BLOCKS = YES;
				GCC_OPTIMIZATION_LEVEL = 0;
				GCC_PREPROCESSOR_DEFINITIONS = (
					"DEBUG=1",
					"$(inherited)",
				);
				GCC_WARN_64_TO_32_BIT_CONVERSION = YES;
				GCC_WARN_ABOUT_RETURN_TYPE = YES_ERROR;
				GCC_WARN_UNDECLARED_SELECTOR = YES;
				GCC_WARN_UNINITIALIZED_AUTOS = YES_AGGRESSIVE;
				GCC_WARN_UNUSED_FUNCTION = YES;
				GCC_WARN_UNUSED_VARIABLE = YES;
				IPHONEOS_DEPLOYMENT_TARGET = 15.2;
				MTL_ENABLE_DEBUG_INFO = INCLUDE_SOURCE;
				MTL_FAST_MATH = YES;
				ONLY_ACTIVE_ARCH = YES;
				SDKROOT = iphoneos;
				SWIFT_ACTIVE_COMPILATION_CONDITIONS = DEBUG;
				SWIFT_OPTIMIZATION_LEVEL = "-Onone";
			};
			name = Debug;
		};
		B4CFDB91276D17DF003110CD /* Release */ = {
			isa = XCBuildConfiguration;
			buildSettings = {
				ALWAYS_SEARCH_USER_PATHS = NO;
				CLANG_ANALYZER_NONNULL = YES;
				CLANG_ANALYZER_NUMBER_OBJECT_CONVERSION = YES_AGGRESSIVE;
				CLANG_CXX_LANGUAGE_STANDARD = "gnu++17";
				CLANG_CXX_LIBRARY = "libc++";
				CLANG_ENABLE_MODULES = YES;
				CLANG_ENABLE_OBJC_ARC = YES;
				CLANG_ENABLE_OBJC_WEAK = YES;
				CLANG_WARN_BLOCK_CAPTURE_AUTORELEASING = YES;
				CLANG_WARN_BOOL_CONVERSION = YES;
				CLANG_WARN_COMMA = YES;
				CLANG_WARN_CONSTANT_CONVERSION = YES;
				CLANG_WARN_DEPRECATED_OBJC_IMPLEMENTATIONS = YES;
				CLANG_WARN_DIRECT_OBJC_ISA_USAGE = YES_ERROR;
				CLANG_WARN_DOCUMENTATION_COMMENTS = YES;
				CLANG_WARN_EMPTY_BODY = YES;
				CLANG_WARN_ENUM_CONVERSION = YES;
				CLANG_WARN_INFINITE_RECURSION = YES;
				CLANG_WARN_INT_CONVERSION = YES;
				CLANG_WARN_NON_LITERAL_NULL_CONVERSION = YES;
				CLANG_WARN_OBJC_IMPLICIT_RETAIN_SELF = YES;
				CLANG_WARN_OBJC_LITERAL_CONVERSION = YES;
				CLANG_WARN_OBJC_ROOT_CLASS = YES_ERROR;
				CLANG_WARN_QUOTED_INCLUDE_IN_FRAMEWORK_HEADER = YES;
				CLANG_WARN_RANGE_LOOP_ANALYSIS = YES;
				CLANG_WARN_STRICT_PROTOTYPES = YES;
				CLANG_WARN_SUSPICIOUS_MOVE = YES;
				CLANG_WARN_UNGUARDED_AVAILABILITY = YES_AGGRESSIVE;
				CLANG_WARN_UNREACHABLE_CODE = YES;
				CLANG_WARN__DUPLICATE_METHOD_MATCH = YES;
				COPY_PHASE_STRIP = NO;
				DEBUG_INFORMATION_FORMAT = "dwarf-with-dsym";
				ENABLE_NS_ASSERTIONS = NO;
				ENABLE_STRICT_OBJC_MSGSEND = YES;
				GCC_C_LANGUAGE_STANDARD = gnu11;
				GCC_NO_COMMON_BLOCKS = YES;
				GCC_WARN_64_TO_32_BIT_CONVERSION = YES;
				GCC_WARN_ABOUT_RETURN_TYPE = YES_ERROR;
				GCC_WARN_UNDECLARED_SELECTOR = YES;
				GCC_WARN_UNINITIALIZED_AUTOS = YES_AGGRESSIVE;
				GCC_WARN_UNUSED_FUNCTION = YES;
				GCC_WARN_UNUSED_VARIABLE = YES;
				IPHONEOS_DEPLOYMENT_TARGET = 15.2;
				MTL_ENABLE_DEBUG_INFO = NO;
				MTL_FAST_MATH = YES;
				SDKROOT = iphoneos;
				SWIFT_COMPILATION_MODE = wholemodule;
				SWIFT_OPTIMIZATION_LEVEL = "-O";
				VALIDATE_PRODUCT = YES;
			};
			name = Release;
		};
		B4CFDB93276D17DF003110CD /* Debug */ = {
			isa = XCBuildConfiguration;
			baseConfigurationReference = 745CA3DEA795357D8C43323D /* Pods-TVmaze.debug.xcconfig */;
			buildSettings = {
				ASSETCATALOG_COMPILER_APPICON_NAME = AppIcon;
				ASSETCATALOG_COMPILER_GLOBAL_ACCENT_COLOR_NAME = AccentColor;
				CODE_SIGN_STYLE = Automatic;
				CURRENT_PROJECT_VERSION = 1;
				DEVELOPMENT_TEAM = U9M8KR7NN5;
				GENERATE_INFOPLIST_FILE = YES;
				INFOPLIST_FILE = TVmaze/Info.plist;
				INFOPLIST_KEY_UIApplicationSupportsIndirectInputEvents = YES;
				INFOPLIST_KEY_UILaunchStoryboardName = LaunchScreen;
				INFOPLIST_KEY_UISupportedInterfaceOrientations_iPad = "UIInterfaceOrientationPortrait UIInterfaceOrientationPortraitUpsideDown UIInterfaceOrientationLandscapeLeft UIInterfaceOrientationLandscapeRight";
				INFOPLIST_KEY_UISupportedInterfaceOrientations_iPhone = "UIInterfaceOrientationPortrait UIInterfaceOrientationLandscapeLeft UIInterfaceOrientationLandscapeRight";
				LD_RUNPATH_SEARCH_PATHS = (
					"$(inherited)",
					"@executable_path/Frameworks",
				);
				MARKETING_VERSION = 1.0;
				PRODUCT_BUNDLE_IDENTIFIER = salva.TVmaze;
				PRODUCT_NAME = "$(TARGET_NAME)";
				SWIFT_EMIT_LOC_STRINGS = YES;
				SWIFT_VERSION = 5.0;
				TARGETED_DEVICE_FAMILY = "1,2";
			};
			name = Debug;
		};
		B4CFDB94276D17DF003110CD /* Release */ = {
			isa = XCBuildConfiguration;
			baseConfigurationReference = 2C8E157489F139BD156A8BDD /* Pods-TVmaze.release.xcconfig */;
			buildSettings = {
				ASSETCATALOG_COMPILER_APPICON_NAME = AppIcon;
				ASSETCATALOG_COMPILER_GLOBAL_ACCENT_COLOR_NAME = AccentColor;
				CODE_SIGN_STYLE = Automatic;
				CURRENT_PROJECT_VERSION = 1;
				DEVELOPMENT_TEAM = U9M8KR7NN5;
				GENERATE_INFOPLIST_FILE = YES;
				INFOPLIST_FILE = TVmaze/Info.plist;
				INFOPLIST_KEY_UIApplicationSupportsIndirectInputEvents = YES;
				INFOPLIST_KEY_UILaunchStoryboardName = LaunchScreen;
				INFOPLIST_KEY_UISupportedInterfaceOrientations_iPad = "UIInterfaceOrientationPortrait UIInterfaceOrientationPortraitUpsideDown UIInterfaceOrientationLandscapeLeft UIInterfaceOrientationLandscapeRight";
				INFOPLIST_KEY_UISupportedInterfaceOrientations_iPhone = "UIInterfaceOrientationPortrait UIInterfaceOrientationLandscapeLeft UIInterfaceOrientationLandscapeRight";
				LD_RUNPATH_SEARCH_PATHS = (
					"$(inherited)",
					"@executable_path/Frameworks",
				);
				MARKETING_VERSION = 1.0;
				PRODUCT_BUNDLE_IDENTIFIER = salva.TVmaze;
				PRODUCT_NAME = "$(TARGET_NAME)";
				SWIFT_EMIT_LOC_STRINGS = YES;
				SWIFT_VERSION = 5.0;
				TARGETED_DEVICE_FAMILY = "1,2";
			};
			name = Release;
		};
		B4CFDB96276D17DF003110CD /* Debug */ = {
			isa = XCBuildConfiguration;
			baseConfigurationReference = 6DBDEC2AB33BCE8F992C877D /* Pods-TVmazeTests.debug.xcconfig */;
			buildSettings = {
				ALWAYS_EMBED_SWIFT_STANDARD_LIBRARIES = YES;
				BUNDLE_LOADER = "$(TEST_HOST)";
				CODE_SIGN_STYLE = Automatic;
				CURRENT_PROJECT_VERSION = 1;
				DEVELOPMENT_TEAM = U9M8KR7NN5;
				GENERATE_INFOPLIST_FILE = YES;
				IPHONEOS_DEPLOYMENT_TARGET = 15.2;
				MARKETING_VERSION = 1.0;
				PRODUCT_BUNDLE_IDENTIFIER = salva.TVmazeTests;
				PRODUCT_NAME = "$(TARGET_NAME)";
				SWIFT_EMIT_LOC_STRINGS = NO;
				SWIFT_VERSION = 5.0;
				TARGETED_DEVICE_FAMILY = "1,2";
				TEST_HOST = "$(BUILT_PRODUCTS_DIR)/TVmaze.app/TVmaze";
			};
			name = Debug;
		};
		B4CFDB97276D17DF003110CD /* Release */ = {
			isa = XCBuildConfiguration;
			baseConfigurationReference = BF0BB4F17C008D1FD30CD66E /* Pods-TVmazeTests.release.xcconfig */;
			buildSettings = {
				ALWAYS_EMBED_SWIFT_STANDARD_LIBRARIES = YES;
				BUNDLE_LOADER = "$(TEST_HOST)";
				CODE_SIGN_STYLE = Automatic;
				CURRENT_PROJECT_VERSION = 1;
				DEVELOPMENT_TEAM = U9M8KR7NN5;
				GENERATE_INFOPLIST_FILE = YES;
				IPHONEOS_DEPLOYMENT_TARGET = 15.2;
				MARKETING_VERSION = 1.0;
				PRODUCT_BUNDLE_IDENTIFIER = salva.TVmazeTests;
				PRODUCT_NAME = "$(TARGET_NAME)";
				SWIFT_EMIT_LOC_STRINGS = NO;
				SWIFT_VERSION = 5.0;
				TARGETED_DEVICE_FAMILY = "1,2";
				TEST_HOST = "$(BUILT_PRODUCTS_DIR)/TVmaze.app/TVmaze";
			};
			name = Release;
		};
		B4CFDB99276D17DF003110CD /* Debug */ = {
			isa = XCBuildConfiguration;
			baseConfigurationReference = 328175227872C25DEF0399AD /* Pods-TVmaze-TVmazeUITests.debug.xcconfig */;
			buildSettings = {
				ALWAYS_EMBED_SWIFT_STANDARD_LIBRARIES = YES;
				CODE_SIGN_STYLE = Automatic;
				CURRENT_PROJECT_VERSION = 1;
				DEVELOPMENT_TEAM = U9M8KR7NN5;
				GENERATE_INFOPLIST_FILE = YES;
				MARKETING_VERSION = 1.0;
				PRODUCT_BUNDLE_IDENTIFIER = salva.TVmazeUITests;
				PRODUCT_NAME = "$(TARGET_NAME)";
				SWIFT_EMIT_LOC_STRINGS = NO;
				SWIFT_VERSION = 5.0;
				TARGETED_DEVICE_FAMILY = "1,2";
				TEST_TARGET_NAME = TVmaze;
			};
			name = Debug;
		};
		B4CFDB9A276D17DF003110CD /* Release */ = {
			isa = XCBuildConfiguration;
			baseConfigurationReference = 26D96E7214EDC1F6149B25FA /* Pods-TVmaze-TVmazeUITests.release.xcconfig */;
			buildSettings = {
				ALWAYS_EMBED_SWIFT_STANDARD_LIBRARIES = YES;
				CODE_SIGN_STYLE = Automatic;
				CURRENT_PROJECT_VERSION = 1;
				DEVELOPMENT_TEAM = U9M8KR7NN5;
				GENERATE_INFOPLIST_FILE = YES;
				MARKETING_VERSION = 1.0;
				PRODUCT_BUNDLE_IDENTIFIER = salva.TVmazeUITests;
				PRODUCT_NAME = "$(TARGET_NAME)";
				SWIFT_EMIT_LOC_STRINGS = NO;
				SWIFT_VERSION = 5.0;
				TARGETED_DEVICE_FAMILY = "1,2";
				TEST_TARGET_NAME = TVmaze;
			};
			name = Release;
		};
/* End XCBuildConfiguration section */

/* Begin XCConfigurationList section */
		B4CFDB63276D17DE003110CD /* Build configuration list for PBXProject "TVmaze" */ = {
			isa = XCConfigurationList;
			buildConfigurations = (
				B4CFDB90276D17DF003110CD /* Debug */,
				B4CFDB91276D17DF003110CD /* Release */,
			);
			defaultConfigurationIsVisible = 0;
			defaultConfigurationName = Release;
		};
		B4CFDB92276D17DF003110CD /* Build configuration list for PBXNativeTarget "TVmaze" */ = {
			isa = XCConfigurationList;
			buildConfigurations = (
				B4CFDB93276D17DF003110CD /* Debug */,
				B4CFDB94276D17DF003110CD /* Release */,
			);
			defaultConfigurationIsVisible = 0;
			defaultConfigurationName = Release;
		};
		B4CFDB95276D17DF003110CD /* Build configuration list for PBXNativeTarget "TVmazeTests" */ = {
			isa = XCConfigurationList;
			buildConfigurations = (
				B4CFDB96276D17DF003110CD /* Debug */,
				B4CFDB97276D17DF003110CD /* Release */,
			);
			defaultConfigurationIsVisible = 0;
			defaultConfigurationName = Release;
		};
		B4CFDB98276D17DF003110CD /* Build configuration list for PBXNativeTarget "TVmazeUITests" */ = {
			isa = XCConfigurationList;
			buildConfigurations = (
				B4CFDB99276D17DF003110CD /* Debug */,
				B4CFDB9A276D17DF003110CD /* Release */,
			);
			defaultConfigurationIsVisible = 0;
			defaultConfigurationName = Release;
		};
/* End XCConfigurationList section */
	};
	rootObject = B4CFDB60276D17DE003110CD /* Project object */;
}
